github.com/caarlos0/env/v11 v11.1.0 h1:a5qZqieE9ZfzdvbbdhTalRrHT5vu/4V1/ad1Ka6frhI=
github.com/caarlos0/env/v11 v11.1.0/go.mod h1:LwgkYk1kDvfGpHthrWWLof3Ny7PezzFwS4QrsJdHTMo=
github.com/samber/do v1.6.0 h1:Jy/N++BXINDB6lAx5wBlbpHlUdl0FKpLWgGEV9YWqaU=
github.com/samber/do v1.6.0/go.mod h1:DWqBvumy8dyb2vEnYZE7D7zaVEB64J45B0NjTlY/M4k=
